
Microsoft Visual Studio Solution File, Format Version 12.00
# Visual Studio Version 17
VisualStudioVersion = 17.14.36414.22 d17.14
MinimumVisualStudioVersion = 10.0.40219.1
Project("{FAE04EC0-301F-11D3-BF4B-00C04F79EFBC}") = "DemoC", "DemoC\DemoC.csproj", "{7BFF2DA4-D83E-40AE-ABE5-B5A7A7B16A49}"
EndProject
Global
	GlobalSection(SolutionConfigurationPlatforms) = preSolution
		Debug|Any CPU = Debug|Any CPU
		Release|Any CPU = Release|Any CPU
	EndGlobalSection
	GlobalSection(ProjectConfigurationPlatforms) = postSolution
		{7BFF2DA4-D83E-40AE-ABE5-B5A7A7B16A49}.Debug|Any CPU.ActiveCfg = Debug|Any CPU
		{7BFF2DA4-D83E-40AE-ABE5-B5A7A7B16A49}.Debug|Any CPU.Build.0 = Debug|Any CPU
		{7BFF2DA4-D83E-40AE-ABE5-B5A7A7B16A49}.Release|Any CPU.ActiveCfg = Release|Any CPU
		{7BFF2DA4-D83E-40AE-ABE5-B5A7A7B16A49}.Release|Any CPU.Build.0 = Release|Any CPU
	EndGlobalSection
	GlobalSection(SolutionProperties) = preSolution
		HideSolutionNode = FALSE
	EndGlobalSection
	GlobalSection(ExtensibilityGlobals) = postSolution
		SolutionGuid = {0AC2F2CD-1DF8-4F7A-8DF4-27389894D1DD}
	EndGlobalSection
EndGlobal
